
Microsoft Visual Studio Solution File, Format Version 12.00
# Visual Studio Version 17
VisualStudioVersion = 17.11.35327.3
MinimumVisualStudioVersion = 10.0.40219.1
Project("{FAE04EC0-301F-11D3-BF4B-00C04F79EFBC}") = "Ex0012", "Ex0012.csproj", "{E19F1BFA-4A4D-4CAB-8676-5BDEBB051FFF}"
EndProject
Global
	GlobalSection(SolutionConfigurationPlatforms) = preSolution
		Debug|Any CPU = Debug|Any CPU
		Release|Any CPU = Release|Any CPU
	EndGlobalSection
	GlobalSection(ProjectConfigurationPlatforms) = postSolution
		{E19F1BFA-4A4D-4CAB-8676-5BDEBB051FFF}.Debug|Any CPU.ActiveCfg = Debug|Any CPU
		{E19F1BFA-4A4D-4CAB-8676-5BDEBB051FFF}.Debug|Any CPU.Build.0 = Debug|Any CPU
		{E19F1BFA-4A4D-4CAB-8676-5BDEBB051FFF}.Release|Any CPU.ActiveCfg = Release|Any CPU
		{E19F1BFA-4A4D-4CAB-8676-5BDEBB051FFF}.Release|Any CPU.Build.0 = Release|Any CPU
	EndGlobalSection
	GlobalSection(SolutionProperties) = preSolution
		HideSolutionNode = FALSE
	EndGlobalSection
	GlobalSection(ExtensibilityGlobals) = postSolution
		SolutionGuid = {E9EBE00A-38C2-4C06-99F3-4D84A2172918}
	EndGlobalSection
EndGlobal
