
Microsoft Visual Studio Solution File, Format Version 12.00
# Visual Studio Version 17
VisualStudioVersion = 17.11.35327.3
MinimumVisualStudioVersion = 10.0.40219.1
Project("{FAE04EC0-301F-11D3-BF4B-00C04F79EFBC}") = "Senha", "Senha.csproj", "{EA7BDAB8-35DD-4ECD-B55B-B1834D60B34D}"
EndProject
Global
	GlobalSection(SolutionConfigurationPlatforms) = preSolution
		Debug|Any CPU = Debug|Any CPU
		Release|Any CPU = Release|Any CPU
	EndGlobalSection
	GlobalSection(ProjectConfigurationPlatforms) = postSolution
		{EA7BDAB8-35DD-4ECD-B55B-B1834D60B34D}.Debug|Any CPU.ActiveCfg = Debug|Any CPU
		{EA7BDAB8-35DD-4ECD-B55B-B1834D60B34D}.Debug|Any CPU.Build.0 = Debug|Any CPU
		{EA7BDAB8-35DD-4ECD-B55B-B1834D60B34D}.Release|Any CPU.ActiveCfg = Release|Any CPU
		{EA7BDAB8-35DD-4ECD-B55B-B1834D60B34D}.Release|Any CPU.Build.0 = Release|Any CPU
	EndGlobalSection
	GlobalSection(SolutionProperties) = preSolution
		HideSolutionNode = FALSE
	EndGlobalSection
	GlobalSection(ExtensibilityGlobals) = postSolution
		SolutionGuid = {715CBA54-5A23-4FA3-A3C9-14733CD8FEDC}
	EndGlobalSection
EndGlobal
