
Microsoft Visual Studio Solution File, Format Version 12.00
# Visual Studio Version 17
VisualStudioVersion = 17.11.35327.3
MinimumVisualStudioVersion = 10.0.40219.1
Project("{FAE04EC0-301F-11D3-BF4B-00C04F79EFBC}") = "Ex030", "Ex030.csproj", "{BC0718E4-8A29-477B-8BED-13BF4933CB17}"
EndProject
Global
	GlobalSection(SolutionConfigurationPlatforms) = preSolution
		Debug|Any CPU = Debug|Any CPU
		Release|Any CPU = Release|Any CPU
	EndGlobalSection
	GlobalSection(ProjectConfigurationPlatforms) = postSolution
		{BC0718E4-8A29-477B-8BED-13BF4933CB17}.Debug|Any CPU.ActiveCfg = Debug|Any CPU
		{BC0718E4-8A29-477B-8BED-13BF4933CB17}.Debug|Any CPU.Build.0 = Debug|Any CPU
		{BC0718E4-8A29-477B-8BED-13BF4933CB17}.Release|Any CPU.ActiveCfg = Release|Any CPU
		{BC0718E4-8A29-477B-8BED-13BF4933CB17}.Release|Any CPU.Build.0 = Release|Any CPU
	EndGlobalSection
	GlobalSection(SolutionProperties) = preSolution
		HideSolutionNode = FALSE
	EndGlobalSection
	GlobalSection(ExtensibilityGlobals) = postSolution
		SolutionGuid = {0D8A18CC-2374-41D8-98F5-E7919A5A0692}
	EndGlobalSection
EndGlobal
