
Microsoft Visual Studio Solution File, Format Version 12.00
# Visual Studio Version 17
VisualStudioVersion = 17.11.35327.3
MinimumVisualStudioVersion = 10.0.40219.1
Project("{FAE04EC0-301F-11D3-BF4B-00C04F79EFBC}") = "Vetor", "Vetor.csproj", "{8583D65B-0ABE-449D-9207-FFFF1ACF8EFA}"
EndProject
Global
	GlobalSection(SolutionConfigurationPlatforms) = preSolution
		Debug|Any CPU = Debug|Any CPU
		Release|Any CPU = Release|Any CPU
	EndGlobalSection
	GlobalSection(ProjectConfigurationPlatforms) = postSolution
		{8583D65B-0ABE-449D-9207-FFFF1ACF8EFA}.Debug|Any CPU.ActiveCfg = Debug|Any CPU
		{8583D65B-0ABE-449D-9207-FFFF1ACF8EFA}.Debug|Any CPU.Build.0 = Debug|Any CPU
		{8583D65B-0ABE-449D-9207-FFFF1ACF8EFA}.Release|Any CPU.ActiveCfg = Release|Any CPU
		{8583D65B-0ABE-449D-9207-FFFF1ACF8EFA}.Release|Any CPU.Build.0 = Release|Any CPU
	EndGlobalSection
	GlobalSection(SolutionProperties) = preSolution
		HideSolutionNode = FALSE
	EndGlobalSection
	GlobalSection(ExtensibilityGlobals) = postSolution
		SolutionGuid = {EF7DC207-1D4E-4446-B5EA-6323A080CFE3}
	EndGlobalSection
EndGlobal
